// !$*UTF8*$!
{
	archiveVersion = 1;
	classes = {
	};
	objectVersion = 56;
	objects = {

/* Begin PBXBuildFile section */
		B50342CA2B0A4AF4001E3FC1 /* HTMLView.swift in Sources */ = {isa = PBXBuildFile; fileRef = B50342C92B0A4AF4001E3FC1 /* HTMLView.swift */; };
		B53635642B04C1200064713E /* RatingView.swift in Sources */ = {isa = PBXBuildFile; fileRef = B53635632B04C1200064713E /* RatingView.swift */; };
		B53635692B0515260064713E /* GameDetailModel.swift in Sources */ = {isa = PBXBuildFile; fileRef = B53635682B0515260064713E /* GameDetailModel.swift */; };
		B536356B2B0518C20064713E /* GameDetailViewModel.swift in Sources */ = {isa = PBXBuildFile; fileRef = B536356A2B0518C20064713E /* GameDetailViewModel.swift */; };
		B53635742B0571790064713E /* GenresView.swift in Sources */ = {isa = PBXBuildFile; fileRef = B53635732B0571790064713E /* GenresView.swift */; };
		B53635782B065C780064713E /* FavoriteView.swift in Sources */ = {isa = PBXBuildFile; fileRef = B53635772B065C780064713E /* FavoriteView.swift */; };
		B536357A2B0660DE0064713E /* Genres.swift in Sources */ = {isa = PBXBuildFile; fileRef = B53635792B0660DE0064713E /* Genres.swift */; };
		B536357C2B0663660064713E /* GenreViewModel.swift in Sources */ = {isa = PBXBuildFile; fileRef = B536357B2B0663660064713E /* GenreViewModel.swift */; };
		B5930E9D2B029B6100265CBE /* GeeGamesApp.swift in Sources */ = {isa = PBXBuildFile; fileRef = B5930E9C2B029B6100265CBE /* GeeGamesApp.swift */; };
		B5930E9F2B029B6100265CBE /* HomeView.swift in Sources */ = {isa = PBXBuildFile; fileRef = B5930E9E2B029B6100265CBE /* HomeView.swift */; };
		B5930EA12B029B6200265CBE /* Assets.xcassets in Resources */ = {isa = PBXBuildFile; fileRef = B5930EA02B029B6200265CBE /* Assets.xcassets */; };
		B5930EA42B029B6200265CBE /* Preview Assets.xcassets in Resources */ = {isa = PBXBuildFile; fileRef = B5930EA32B029B6200265CBE /* Preview Assets.xcassets */; };
		B5930EAB2B029D9200265CBE /* ListModel.swift in Sources */ = {isa = PBXBuildFile; fileRef = B5930EAA2B029D9200265CBE /* ListModel.swift */; };
		B5930EAD2B0374DE00265CBE /* GamesListViewModel.swift in Sources */ = {isa = PBXBuildFile; fileRef = B5930EAC2B0374DE00265CBE /* GamesListViewModel.swift */; };
		B5930EAF2B038EF600265CBE /* ListImageView.swift in Sources */ = {isa = PBXBuildFile; fileRef = B5930EAE2B038EF600265CBE /* ListImageView.swift */; };
		B5930EB12B03A76100265CBE /* MenuView.swift in Sources */ = {isa = PBXBuildFile; fileRef = B5930EB02B03A76100265CBE /* MenuView.swift */; };
		B5930EB32B03D96500265CBE /* GameDetailsView.swift in Sources */ = {isa = PBXBuildFile; fileRef = B5930EB22B03D96500265CBE /* GameDetailsView.swift */; };
		B5992CBB2B07BC6D0082CA71 /* InfoView.swift in Sources */ = {isa = PBXBuildFile; fileRef = B5992CBA2B07BC6D0082CA71 /* InfoView.swift */; };
		B5F5E7A82B06C3E400FD9C17 /* GeeGames.xcdatamodeld in Sources */ = {isa = PBXBuildFile; fileRef = B5F5E7A62B06C3E400FD9C17 /* GeeGames.xcdatamodeld */; };
		B5F5E7AA2B06C5E900FD9C17 /* DataController.swift in Sources */ = {isa = PBXBuildFile; fileRef = B5F5E7A92B06C5E900FD9C17 /* DataController.swift */; };
		B5F5E7AC2B06C6A900FD9C17 /* DataManager.swift in Sources */ = {isa = PBXBuildFile; fileRef = B5F5E7AB2B06C6A900FD9C17 /* DataManager.swift */; };
/* End PBXBuildFile section */

/* Begin PBXFileReference section */
		B50342C92B0A4AF4001E3FC1 /* HTMLView.swift */ = {isa = PBXFileReference; lastKnownFileType = sourcecode.swift; path = HTMLView.swift; sourceTree = "<group>"; };
		B53635632B04C1200064713E /* RatingView.swift */ = {isa = PBXFileReference; lastKnownFileType = sourcecode.swift; path = RatingView.swift; sourceTree = "<group>"; };
		B53635672B05035A0064713E /* Info.plist */ = {isa = PBXFileReference; lastKnownFileType = text.plist.xml; path = Info.plist; sourceTree = "<group>"; };
		B53635682B0515260064713E /* GameDetailModel.swift */ = {isa = PBXFileReference; lastKnownFileType = sourcecode.swift; path = GameDetailModel.swift; sourceTree = "<group>"; };
		B536356A2B0518C20064713E /* GameDetailViewModel.swift */ = {isa = PBXFileReference; lastKnownFileType = sourcecode.swift; path = GameDetailViewModel.swift; sourceTree = "<group>"; };
		B53635732B0571790064713E /* GenresView.swift */ = {isa = PBXFileReference; lastKnownFileType = sourcecode.swift; path = GenresView.swift; sourceTree = "<group>"; };
		B53635772B065C780064713E /* FavoriteView.swift */ = {isa = PBXFileReference; lastKnownFileType = sourcecode.swift; path = FavoriteView.swift; sourceTree = "<group>"; };
		B53635792B0660DE0064713E /* Genres.swift */ = {isa = PBXFileReference; lastKnownFileType = sourcecode.swift; path = Genres.swift; sourceTree = "<group>"; };
		B536357B2B0663660064713E /* GenreViewModel.swift */ = {isa = PBXFileReference; lastKnownFileType = sourcecode.swift; path = GenreViewModel.swift; sourceTree = "<group>"; };
		B5930E992B029B6100265CBE /* GeeGames.app */ = {isa = PBXFileReference; explicitFileType = wrapper.application; includeInIndex = 0; path = GeeGames.app; sourceTree = BUILT_PRODUCTS_DIR; };
		B5930E9C2B029B6100265CBE /* GeeGamesApp.swift */ = {isa = PBXFileReference; lastKnownFileType = sourcecode.swift; path = GeeGamesApp.swift; sourceTree = "<group>"; };
		B5930E9E2B029B6100265CBE /* HomeView.swift */ = {isa = PBXFileReference; lastKnownFileType = sourcecode.swift; path = HomeView.swift; sourceTree = "<group>"; };
		B5930EA02B029B6200265CBE /* Assets.xcassets */ = {isa = PBXFileReference; lastKnownFileType = folder.assetcatalog; path = Assets.xcassets; sourceTree = "<group>"; };
		B5930EA32B029B6200265CBE /* Preview Assets.xcassets */ = {isa = PBXFileReference; lastKnownFileType = folder.assetcatalog; path = "Preview Assets.xcassets"; sourceTree = "<group>"; };
		B5930EAA2B029D9200265CBE /* ListModel.swift */ = {isa = PBXFileReference; lastKnownFileType = sourcecode.swift; path = ListModel.swift; sourceTree = "<group>"; };
		B5930EAC2B0374DE00265CBE /* GamesListViewModel.swift */ = {isa = PBXFileReference; lastKnownFileType = sourcecode.swift; path = GamesListViewModel.swift; sourceTree = "<group>"; };
		B5930EAE2B038EF600265CBE /* ListImageView.swift */ = {isa = PBXFileReference; lastKnownFileType = sourcecode.swift; path = ListImageView.swift; sourceTree = "<group>"; };
		B5930EB02B03A76100265CBE /* MenuView.swift */ = {isa = PBXFileReference; fileEncoding = 4; lastKnownFileType = sourcecode.swift; path = MenuView.swift; sourceTree = "<group>"; };
		B5930EB22B03D96500265CBE /* GameDetailsView.swift */ = {isa = PBXFileReference; lastKnownFileType = sourcecode.swift; path = GameDetailsView.swift; sourceTree = "<group>"; };
		B5992CBA2B07BC6D0082CA71 /* InfoView.swift */ = {isa = PBXFileReference; lastKnownFileType = sourcecode.swift; path = InfoView.swift; sourceTree = "<group>"; };
		B5F5E7A72B06C3E400FD9C17 /* GeeGames.xcdatamodel */ = {isa = PBXFileReference; lastKnownFileType = wrapper.xcdatamodel; path = GeeGames.xcdatamodel; sourceTree = "<group>"; };
		B5F5E7A92B06C5E900FD9C17 /* DataController.swift */ = {isa = PBXFileReference; lastKnownFileType = sourcecode.swift; path = DataController.swift; sourceTree = "<group>"; };
		B5F5E7AB2B06C6A900FD9C17 /* DataManager.swift */ = {isa = PBXFileReference; lastKnownFileType = sourcecode.swift; path = DataManager.swift; sourceTree = "<group>"; };
/* End PBXFileReference section */

/* Begin PBXFrameworksBuildPhase section */
		B5930E962B029B6100265CBE /* Frameworks */ = {
			isa = PBXFrameworksBuildPhase;
			buildActionMask = 2147483647;
			files = (
			);
			runOnlyForDeploymentPostprocessing = 0;
		};
/* End PBXFrameworksBuildPhase section */

/* Begin PBXGroup section */
		B536356C2B05525A0064713E /* SharedViews */ = {
			isa = PBXGroup;
			children = (
				B5930EB02B03A76100265CBE /* MenuView.swift */,
				B5930EAE2B038EF600265CBE /* ListImageView.swift */,
				B53635632B04C1200064713E /* RatingView.swift */,
				B5992CBA2B07BC6D0082CA71 /* InfoView.swift */,
				B50342C92B0A4AF4001E3FC1 /* HTMLView.swift */,
			);
			path = SharedViews;
			sourceTree = "<group>";
		};
		B536356D2B0552780064713E /* Models */ = {
			isa = PBXGroup;
			children = (
				B5930EAA2B029D9200265CBE /* ListModel.swift */,
				B53635682B0515260064713E /* GameDetailModel.swift */,
				B53635792B0660DE0064713E /* Genres.swift */,
			);
			path = Models;
			sourceTree = "<group>";
		};
		B536356E2B0552900064713E /* ViewModels */ = {
			isa = PBXGroup;
			children = (
				B5930EAC2B0374DE00265CBE /* GamesListViewModel.swift */,
				B536356A2B0518C20064713E /* GameDetailViewModel.swift */,
				B536357B2B0663660064713E /* GenreViewModel.swift */,
			);
			path = ViewModels;
			sourceTree = "<group>";
		};
		B536356F2B0552BC0064713E /* AppLayer */ = {
			isa = PBXGroup;
			children = (
				B53635672B05035A0064713E /* Info.plist */,
				B5930E9C2B029B6100265CBE /* GeeGamesApp.swift */,
				B5930EA02B029B6200265CBE /* Assets.xcassets */,
			);
			path = AppLayer;
			sourceTree = "<group>";
		};
		B53635702B05531C0064713E /* Screens */ = {
			isa = PBXGroup;
			children = (
				B5930E9E2B029B6100265CBE /* HomeView.swift */,
				B5930EB22B03D96500265CBE /* GameDetailsView.swift */,
				B53635732B0571790064713E /* GenresView.swift */,
				B53635772B065C780064713E /* FavoriteView.swift */,
			);
			path = Screens;
			sourceTree = "<group>";
		};
		B5930E902B029B6100265CBE = {
			isa = PBXGroup;
			children = (
				B5930E9B2B029B6100265CBE /* GeeGames */,
				B5930E9A2B029B6100265CBE /* Products */,
			);
			sourceTree = "<group>";
		};
		B5930E9A2B029B6100265CBE /* Products */ = {
			isa = PBXGroup;
			children = (
				B5930E992B029B6100265CBE /* GeeGames.app */,
			);
			name = Products;
			sourceTree = "<group>";
		};
		B5930E9B2B029B6100265CBE /* GeeGames */ = {
			isa = PBXGroup;
			children = (
				B5F5E7A52B06C3C300FD9C17 /* Storage */,
				B536356F2B0552BC0064713E /* AppLayer */,
				B536356C2B05525A0064713E /* SharedViews */,
				B53635702B05531C0064713E /* Screens */,
				B536356D2B0552780064713E /* Models */,
				B536356E2B0552900064713E /* ViewModels */,
				B5930EA22B029B6200265CBE /* Preview Content */,
			);
			path = GeeGames;
			sourceTree = "<group>";
		};
		B5930EA22B029B6200265CBE /* Preview Content */ = {
			isa = PBXGroup;
			children = (
				B5930EA32B029B6200265CBE /* Preview Assets.xcassets */,
			);
			path = "Preview Content";
			sourceTree = "<group>";
		};
		B5F5E7A52B06C3C300FD9C17 /* Storage */ = {
			isa = PBXGroup;
			children = (
				B5F5E7A62B06C3E400FD9C17 /* GeeGames.xcdatamodeld */,
				B5F5E7A92B06C5E900FD9C17 /* DataController.swift */,
				B5F5E7AB2B06C6A900FD9C17 /* DataManager.swift */,
			);
			path = Storage;
			sourceTree = "<group>";
		};
/* End PBXGroup section */

/* Begin PBXNativeTarget section */
		B5930E982B029B6100265CBE /* GeeGames */ = {
			isa = PBXNativeTarget;
			buildConfigurationList = B5930EA72B029B6200265CBE /* Build configuration list for PBXNativeTarget "GeeGames" */;
			buildPhases = (
				B5930E952B029B6100265CBE /* Sources */,
				B5930E962B029B6100265CBE /* Frameworks */,
				B5930E972B029B6100265CBE /* Resources */,
			);
			buildRules = (
			);
			dependencies = (
			);
			name = GeeGames;
			productName = GeeGames;
			productReference = B5930E992B029B6100265CBE /* GeeGames.app */;
			productType = "com.apple.product-type.application";
		};
/* End PBXNativeTarget section */

/* Begin PBXProject section */
		B5930E912B029B6100265CBE /* Project object */ = {
			isa = PBXProject;
			attributes = {
				BuildIndependentTargetsInParallel = 1;
				LastSwiftUpdateCheck = 1500;
				LastUpgradeCheck = 1500;
				TargetAttributes = {
					B5930E982B029B6100265CBE = {
						CreatedOnToolsVersion = 15.0.1;
					};
				};
			};
			buildConfigurationList = B5930E942B029B6100265CBE /* Build configuration list for PBXProject "GeeGames" */;
			compatibilityVersion = "Xcode 14.0";
			developmentRegion = en;
			hasScannedForEncodings = 0;
			knownRegions = (
				en,
				Base,
			);
			mainGroup = B5930E902B029B6100265CBE;
			productRefGroup = B5930E9A2B029B6100265CBE /* Products */;
			projectDirPath = "";
			projectRoot = "";
			targets = (
				B5930E982B029B6100265CBE /* GeeGames */,
			);
		};
/* End PBXProject section */

/* Begin PBXResourcesBuildPhase section */
		B5930E972B029B6100265CBE /* Resources */ = {
			isa = PBXResourcesBuildPhase;
			buildActionMask = 2147483647;
			files = (
				B5930EA42B029B6200265CBE /* Preview Assets.xcassets in Resources */,
				B5930EA12B029B6200265CBE /* Assets.xcassets in Resources */,
			);
			runOnlyForDeploymentPostprocessing = 0;
		};
/* End PBXResourcesBuildPhase section */

/* Begin PBXSourcesBuildPhase section */
		B5930E952B029B6100265CBE /* Sources */ = {
			isa = PBXSourcesBuildPhase;
			buildActionMask = 2147483647;
			files = (
				B5930EAD2B0374DE00265CBE /* GamesListViewModel.swift in Sources */,
				B53635692B0515260064713E /* GameDetailModel.swift in Sources */,
				B5930EB32B03D96500265CBE /* GameDetailsView.swift in Sources */,
				B5930EB12B03A76100265CBE /* MenuView.swift in Sources */,
				B53635642B04C1200064713E /* RatingView.swift in Sources */,
				B5992CBB2B07BC6D0082CA71 /* InfoView.swift in Sources */,
				B536356B2B0518C20064713E /* GameDetailViewModel.swift in Sources */,
				B5F5E7AC2B06C6A900FD9C17 /* DataManager.swift in Sources */,
				B5F5E7AA2B06C5E900FD9C17 /* DataController.swift in Sources */,
				B536357C2B0663660064713E /* GenreViewModel.swift in Sources */,
				B5930EAF2B038EF600265CBE /* ListImageView.swift in Sources */,
				B53635782B065C780064713E /* FavoriteView.swift in Sources */,
				B536357A2B0660DE0064713E /* Genres.swift in Sources */,
				B50342CA2B0A4AF4001E3FC1 /* HTMLView.swift in Sources */,
				B5F5E7A82B06C3E400FD9C17 /* GeeGames.xcdatamodeld in Sources */,
				B5930EAB2B029D9200265CBE /* ListModel.swift in Sources */,
				B5930E9F2B029B6100265CBE /* HomeView.swift in Sources */,
				B53635742B0571790064713E /* GenresView.swift in Sources */,
				B5930E9D2B029B6100265CBE /* GeeGamesApp.swift in Sources */,
			);
			runOnlyForDeploymentPostprocessing = 0;
		};
/* End PBXSourcesBuildPhase section */

/* Begin XCBuildConfiguration section */
		B5930EA52B029B6200265CBE /* Debug */ = {
			isa = XCBuildConfiguration;
			buildSettings = {
				ALWAYS_SEARCH_USER_PATHS = NO;
				ASSETCATALOG_COMPILER_GENERATE_SWIFT_ASSET_SYMBOL_EXTENSIONS = YES;
				CLANG_ANALYZER_NONNULL = YES;
				CLANG_ANALYZER_NUMBER_OBJECT_CONVERSION = YES_AGGRESSIVE;
				CLANG_CXX_LANGUAGE_STANDARD = "gnu++20";
				CLANG_ENABLE_MODULES = YES;
				CLANG_ENABLE_OBJC_ARC = YES;
				CLANG_ENABLE_OBJC_WEAK = YES;
				CLANG_WARN_BLOCK_CAPTURE_AUTORELEASING = YES;
				CLANG_WARN_BOOL_CONVERSION = YES;
				CLANG_WARN_COMMA = YES;
				CLANG_WARN_CONSTANT_CONVERSION = YES;
				CLANG_WARN_DEPRECATED_OBJC_IMPLEMENTATIONS = YES;
				CLANG_WARN_DIRECT_OBJC_ISA_USAGE = YES_ERROR;
				CLANG_WARN_DOCUMENTATION_COMMENTS = YES;
				CLANG_WARN_EMPTY_BODY = YES;
				CLANG_WARN_ENUM_CONVERSION = YES;
				CLANG_WARN_INFINITE_RECURSION = YES;
				CLANG_WARN_INT_CONVERSION = YES;
				CLANG_WARN_NON_LITERAL_NULL_CONVERSION = YES;
				CLANG_WARN_OBJC_IMPLICIT_RETAIN_SELF = YES;
				CLANG_WARN_OBJC_LITERAL_CONVERSION = YES;
				CLANG_WARN_OBJC_ROOT_CLASS = YES_ERROR;
				CLANG_WARN_QUOTED_INCLUDE_IN_FRAMEWORK_HEADER = YES;
				CLANG_WARN_RANGE_LOOP_ANALYSIS = YES;
				CLANG_WARN_STRICT_PROTOTYPES = YES;
				CLANG_WARN_SUSPICIOUS_MOVE = YES;
				CLANG_WARN_UNGUARDED_AVAILABILITY = YES_AGGRESSIVE;
				CLANG_WARN_UNREACHABLE_CODE = YES;
				CLANG_WARN__DUPLICATE_METHOD_MATCH = YES;
				COPY_PHASE_STRIP = NO;
				DEBUG_INFORMATION_FORMAT = dwarf;
				ENABLE_STRICT_OBJC_MSGSEND = YES;
				ENABLE_TESTABILITY = YES;
				ENABLE_USER_SCRIPT_SANDBOXING = YES;
				GCC_C_LANGUAGE_STANDARD = gnu17;
				GCC_DYNAMIC_NO_PIC = NO;
				GCC_NO_COMMON_BLOCKS = YES;
				GCC_OPTIMIZATION_LEVEL = 0;
				GCC_PREPROCESSOR_DEFINITIONS = (
					"DEBUG=1",
					"$(inherited)",
				);
				GCC_WARN_64_TO_32_BIT_CONVERSION = YES;
				GCC_WARN_ABOUT_RETURN_TYPE = YES_ERROR;
				GCC_WARN_UNDECLARED_SELECTOR = YES;
				GCC_WARN_UNINITIALIZED_AUTOS = YES_AGGRESSIVE;
				GCC_WARN_UNUSED_FUNCTION = YES;
				GCC_WARN_UNUSED_VARIABLE = YES;
				IPHONEOS_DEPLOYMENT_TARGET = 17.0;
				LOCALIZATION_PREFERS_STRING_CATALOGS = YES;
				MTL_ENABLE_DEBUG_INFO = INCLUDE_SOURCE;
				MTL_FAST_MATH = YES;
				ONLY_ACTIVE_ARCH = YES;
				SDKROOT = iphoneos;
				SWIFT_ACTIVE_COMPILATION_CONDITIONS = "DEBUG $(inherited)";
				SWIFT_OPTIMIZATION_LEVEL = "-Onone";
			};
			name = Debug;
		};
		B5930EA62B029B6200265CBE /* Release */ = {
			isa = XCBuildConfiguration;
			buildSettings = {
				ALWAYS_SEARCH_USER_PATHS = NO;
				ASSETCATALOG_COMPILER_GENERATE_SWIFT_ASSET_SYMBOL_EXTENSIONS = YES;
				CLANG_ANALYZER_NONNULL = YES;
				CLANG_ANALYZER_NUMBER_OBJECT_CONVERSION = YES_AGGRESSIVE;
				CLANG_CXX_LANGUAGE_STANDARD = "gnu++20";
				CLANG_ENABLE_MODULES = YES;
				CLANG_ENABLE_OBJC_ARC = YES;
				CLANG_ENABLE_OBJC_WEAK = YES;
				CLANG_WARN_BLOCK_CAPTURE_AUTORELEASING = YES;
				CLANG_WARN_BOOL_CONVERSION = YES;
				CLANG_WARN_COMMA = YES;
				CLANG_WARN_CONSTANT_CONVERSION = YES;
				CLANG_WARN_DEPRECATED_OBJC_IMPLEMENTATIONS = YES;
				CLANG_WARN_DIRECT_OBJC_ISA_USAGE = YES_ERROR;
				CLANG_WARN_DOCUMENTATION_COMMENTS = YES;
				CLANG_WARN_EMPTY_BODY = YES;
				CLANG_WARN_ENUM_CONVERSION = YES;
				CLANG_WARN_INFINITE_RECURSION = YES;
				CLANG_WARN_INT_CONVERSION = YES;
				CLANG_WARN_NON_LITERAL_NULL_CONVERSION = YES;
				CLANG_WARN_OBJC_IMPLICIT_RETAIN_SELF = YES;
				CLANG_WARN_OBJC_LITERAL_CONVERSION = YES;
				CLANG_WARN_OBJC_ROOT_CLASS = YES_ERROR;
				CLANG_WARN_QUOTED_INCLUDE_IN_FRAMEWORK_HEADER = YES;
				CLANG_WARN_RANGE_LOOP_ANALYSIS = YES;
				CLANG_WARN_STRICT_PROTOTYPES = YES;
				CLANG_WARN_SUSPICIOUS_MOVE = YES;
				CLANG_WARN_UNGUARDED_AVAILABILITY = YES_AGGRESSIVE;
				CLANG_WARN_UNREACHABLE_CODE = YES;
				CLANG_WARN__DUPLICATE_METHOD_MATCH = YES;
				COPY_PHASE_STRIP = NO;
				DEBUG_INFORMATION_FORMAT = "dwarf-with-dsym";
				ENABLE_NS_ASSERTIONS = NO;
				ENABLE_STRICT_OBJC_MSGSEND = YES;
				ENABLE_USER_SCRIPT_SANDBOXING = YES;
				GCC_C_LANGUAGE_STANDARD = gnu17;
				GCC_NO_COMMON_BLOCKS = YES;
				GCC_WARN_64_TO_32_BIT_CONVERSION = YES;
				GCC_WARN_ABOUT_RETURN_TYPE = YES_ERROR;
				GCC_WARN_UNDECLARED_SELECTOR = YES;
				GCC_WARN_UNINITIALIZED_AUTOS = YES_AGGRESSIVE;
				GCC_WARN_UNUSED_FUNCTION = YES;
				GCC_WARN_UNUSED_VARIABLE = YES;
				IPHONEOS_DEPLOYMENT_TARGET = 17.0;
				LOCALIZATION_PREFERS_STRING_CATALOGS = YES;
				MTL_ENABLE_DEBUG_INFO = NO;
				MTL_FAST_MATH = YES;
				SDKROOT = iphoneos;
				SWIFT_COMPILATION_MODE = wholemodule;
				VALIDATE_PRODUCT = YES;
			};
			name = Release;
		};
		B5930EA82B029B6200265CBE /* Debug */ = {
			isa = XCBuildConfiguration;
			buildSettings = {
				ASSETCATALOG_COMPILER_APPICON_NAME = AppIcon;
				ASSETCATALOG_COMPILER_GLOBAL_ACCENT_COLOR_NAME = AccentColor;
				CODE_SIGN_STYLE = Automatic;
				CURRENT_PROJECT_VERSION = 1;
				DEVELOPMENT_ASSET_PATHS = "\"GeeGames/Preview Content\"";
				DEVELOPMENT_TEAM = 9T2WUXM66D;
				ENABLE_PREVIEWS = YES;
				GENERATE_INFOPLIST_FILE = YES;
				INFOPLIST_FILE = GeeGames/AppLayer/Info.plist;
				INFOPLIST_KEY_UIApplicationSceneManifest_Generation = YES;
				INFOPLIST_KEY_UIApplicationSupportsIndirectInputEvents = YES;
				INFOPLIST_KEY_UIStatusBarStyle = UIStatusBarStyleDarkContent;
				INFOPLIST_KEY_UISupportedInterfaceOrientations = UIInterfaceOrientationPortrait;
				INFOPLIST_KEY_UISupportedInterfaceOrientations_iPad = "UIInterfaceOrientationLandscapeLeft UIInterfaceOrientationLandscapeRight UIInterfaceOrientationPortrait";
				IPHONEOS_DEPLOYMENT_TARGET = 15.0;
				LD_RUNPATH_SEARCH_PATHS = (
					"$(inherited)",
					"@executable_path/Frameworks",
				);
				MARKETING_VERSION = 1.0;
				PRODUCT_BUNDLE_IDENTIFIER = "Roman-Bigun.GeeGames";
				PRODUCT_NAME = "$(TARGET_NAME)";
				SUPPORTED_PLATFORMS = "iphoneos iphonesimulator";
				SUPPORTS_MACCATALYST = NO;
				SUPPORTS_MAC_DESIGNED_FOR_IPHONE_IPAD = NO;
				SWIFT_EMIT_LOC_STRINGS = YES;
				SWIFT_VERSION = 5.0;
				TARGETED_DEVICE_FAMILY = "1,2";
			};
			name = Debug;
		};
		B5930EA92B029B6200265CBE /* Release */ = {
			isa = XCBuildConfiguration;
			buildSettings = {
				ASSETCATALOG_COMPILER_APPICON_NAME = AppIcon;
				ASSETCATALOG_COMPILER_GLOBAL_ACCENT_COLOR_NAME = AccentColor;
				CODE_SIGN_STYLE = Automatic;
				CURRENT_PROJECT_VERSION = 1;
				DEVELOPMENT_ASSET_PATHS = "\"GeeGames/Preview Content\"";
				DEVELOPMENT_TEAM = 9T2WUXM66D;
				ENABLE_PREVIEWS = YES;
				GENERATE_INFOPLIST_FILE = YES;
				INFOPLIST_FILE = GeeGames/AppLayer/Info.plist;
				INFOPLIST_KEY_UIApplicationSceneManifest_Generation = YES;
				INFOPLIST_KEY_UIApplicationSupportsIndirectInputEvents = YES;
				INFOPLIST_KEY_UIStatusBarStyle = UIStatusBarStyleDarkContent;
				INFOPLIST_KEY_UISupportedInterfaceOrientations = UIInterfaceOrientationPortrait;
				INFOPLIST_KEY_UISupportedInterfaceOrientations_iPad = "UIInterfaceOrientationLandscapeLeft UIInterfaceOrientationLandscapeRight UIInterfaceOrientationPortrait";
				IPHONEOS_DEPLOYMENT_TARGET = 15.0;
				LD_RUNPATH_SEARCH_PATHS = (
					"$(inherited)",
					"@executable_path/Frameworks",
				);
				MARKETING_VERSION = 1.0;
				PRODUCT_BUNDLE_IDENTIFIER = "Roman-Bigun.GeeGames";
				PRODUCT_NAME = "$(TARGET_NAME)";
				SUPPORTED_PLATFORMS = "iphoneos iphonesimulator";
				SUPPORTS_MACCATALYST = NO;
				SUPPORTS_MAC_DESIGNED_FOR_IPHONE_IPAD = NO;
				SWIFT_EMIT_LOC_STRINGS = YES;
				SWIFT_VERSION = 5.0;
				TARGETED_DEVICE_FAMILY = "1,2";
			};
			name = Release;
		};
/* End XCBuildConfiguration section */

/* Begin XCConfigurationList section */
		B5930E942B029B6100265CBE /* Build configuration list for PBXProject "GeeGames" */ = {
			isa = XCConfigurationList;
			buildConfigurations = (
				B5930EA52B029B6200265CBE /* Debug */,
				B5930EA62B029B6200265CBE /* Release */,
			);
			defaultConfigurationIsVisible = 0;
			defaultConfigurationName = Release;
		};
		B5930EA72B029B6200265CBE /* Build configuration list for PBXNativeTarget "GeeGames" */ = {
			isa = XCConfigurationList;
			buildConfigurations = (
				B5930EA82B029B6200265CBE /* Debug */,
				B5930EA92B029B6200265CBE /* Release */,
			);
			defaultConfigurationIsVisible = 0;
			defaultConfigurationName = Release;
		};
/* End XCConfigurationList section */

/* Begin XCVersionGroup section */
		B5F5E7A62B06C3E400FD9C17 /* GeeGames.xcdatamodeld */ = {
			isa = XCVersionGroup;
			children = (
				B5F5E7A72B06C3E400FD9C17 /* GeeGames.xcdatamodel */,
			);
			currentVersion = B5F5E7A72B06C3E400FD9C17 /* GeeGames.xcdatamodel */;
			path = GeeGames.xcdatamodeld;
			sourceTree = "<group>";
			versionGroupType = wrapper.xcdatamodel;
		};
/* End XCVersionGroup section */
	};
	rootObject = B5930E912B029B6100265CBE /* Project object */;
}
